// !$*UTF8*$!
{
	archiveVersion = 1;
	classes = {
	};
	objectVersion = 46;
	objects = {

/* Begin PBXBuildFile section */
		33F17C841C8E3E4C006CAFFE /* main.cpp in Sources */ = {isa = PBXBuildFile; fileRef = 33F17C831C8E3E4C006CAFFE /* main.cpp */; };
/* End PBXBuildFile section */

/* Begin PBXCopyFilesBuildPhase section */
		33F17C7E1C8E3E4B006CAFFE /* CopyFiles */ = {
			isa = PBXCopyFilesBuildPhase;
			buildActionMask = 2147483647;
			dstPath = /usr/share/man/man1/;
			dstSubfolderSpec = 0;
			files = (
			);
			runOnlyForDeploymentPostprocessing = 1;
		};
/* End PBXCopyFilesBuildPhase section */

/* Begin PBXFileReference section */
		33F17C801C8E3E4C006CAFFE /* hash_projects */ = {isa = PBXFileReference; explicitFileType = "compiled.mach-o.executable"; includeInIndex = 0; path = hash_projects; sourceTree = BUILT_PRODUCTS_DIR; };
		33F17C831C8E3E4C006CAFFE /* main.cpp */ = {isa = PBXFileReference; lastKnownFileType = sourcecode.cpp.cpp; path = main.cpp; sourceTree = "<group>"; };
/* End PBXFileReference section */

/* Begin PBXFrameworksBuildPhase section */
		33F17C7D1C8E3E4B006CAFFE /* Frameworks */ = {
			isa = PBXFrameworksBuildPhase;
			buildActionMask = 2147483647;
			files = (
			);
			runOnlyForDeploymentPostprocessing = 0;
		};
/* End PBXFrameworksBuildPhase section */

/* Begin PBXGroup section */
		33F17C771C8E3E4B006CAFFE = {
			isa = PBXGroup;
			children = (
				33F17C821C8E3E4C006CAFFE /* hash_projects */,
				33F17C811C8E3E4C006CAFFE /* Products */,
			);
			sourceTree = "<group>";
		};
		33F17C811C8E3E4C006CAFFE /* Products */ = {
			isa = PBXGroup;
			children = (
				33F17C801C8E3E4C006CAFFE /* hash_projects */,
			);
			name = Products;
			sourceTree = "<group>";
		};
		33F17C821C8E3E4C006CAFFE /* hash_projects */ = {
			isa = PBXGroup;
			children = (
				33F17C831C8E3E4C006CAFFE /* main.cpp */,
			);
			path = hash_projects;
			sourceTree = "<group>";
		};
/* End PBXGroup section */

/* Begin PBXNativeTarget section */
		33F17C7F1C8E3E4B006CAFFE /* hash_projects */ = {
			isa = PBXNativeTarget;
			buildConfigurationList = 33F17C871C8E3E4C006CAFFE /* Build configuration list for PBXNativeTarget "hash_projects" */;
			buildPhases = (
				33F17C7C1C8E3E4B006CAFFE /* Sources */,
				33F17C7D1C8E3E4B006CAFFE /* Frameworks */,
				33F17C7E1C8E3E4B006CAFFE /* CopyFiles */,
			);
			buildRules = (
			);
			dependencies = (
			);
			name = hash_projects;
			productName = hash_projects;
			productReference = 33F17C801C8E3E4C006CAFFE /* hash_projects */;
			productType = "com.apple.product-type.tool";
		};
/* End PBXNativeTarget section */

/* Begin PBXProject section */
		33F17C781C8E3E4B006CAFFE /* Project object */ = {
			isa = PBXProject;
			attributes = {
				LastUpgradeCheck = 0720;
				ORGANIZATIONNAME = yzc;
				TargetAttributes = {
					33F17C7F1C8E3E4B006CAFFE = {
						CreatedOnToolsVersion = 7.2;
					};
				};
			};
			buildConfigurationList = 33F17C7B1C8E3E4B006CAFFE /* Build configuration list for PBXProject "hash_projects" */;
			compatibilityVersion = "Xcode 3.2";
			developmentRegion = English;
			hasScannedForEncodings = 0;
			knownRegions = (
				en,
			);
			mainGroup = 33F17C771C8E3E4B006CAFFE;
			productRefGroup = 33F17C811C8E3E4C006CAFFE /* Products */;
			projectDirPath = "";
			projectRoot = "";
			targets = (
				33F17C7F1C8E3E4B006CAFFE /* hash_projects */,
			);
		};
/* End PBXProject section */

/* Begin PBXSourcesBuildPhase section */
		33F17C7C1C8E3E4B006CAFFE /* Sources */ = {
			isa = PBXSourcesBuildPhase;
			buildActionMask = 2147483647;
			files = (
				33F17C841C8E3E4C006CAFFE /* main.cpp in Sources */,
			);
			runOnlyForDeploymentPostprocessing = 0;
		};
/* End PBXSourcesBuildPhase section */

/* Begin XCBuildConfiguration section */
		33F17C851C8E3E4C006CAFFE /* Debug */ = {
			isa = XCBuildConfiguration;
			buildSettings = {
				ALWAYS_SEARCH_USER_PATHS = NO;
				CLANG_CXX_LANGUAGE_STANDARD = "gnu++0x";
				CLANG_CXX_LIBRARY = "libc++";
				CLANG_ENABLE_MODULES = YES;
				CLANG_ENABLE_OBJC_ARC = YES;
				CLANG_WARN_BOOL_CONVERSION = YES;
				CLANG_WARN_CONSTANT_CONVERSION = YES;
				CLANG_WARN_DIRECT_OBJC_ISA_USAGE = YES_ERROR;
				CLANG_WARN_EMPTY_BODY = YES;
				CLANG_WARN_ENUM_CONVERSION = YES;
				CLANG_WARN_INT_CONVERSION = YES;
				CLANG_WARN_OBJC_ROOT_CLASS = YES_ERROR;
				CLANG_WARN_UNREACHABLE_CODE = YES;
				CLANG_WARN__DUPLICATE_METHOD_MATCH = YES;
				CODE_SIGN_IDENTITY = "-";
				COPY_PHASE_STRIP = NO;
				DEBUG_INFORMATION_FORMAT = dwarf;
				ENABLE_STRICT_OBJC_MSGSEND = YES;
				ENABLE_TESTABILITY = YES;
				GCC_C_LANGUAGE_STANDARD = gnu99;
				GCC_DYNAMIC_NO_PIC = NO;
				GCC_NO_COMMON_BLOCKS = YES;
				GCC_OPTIMIZATION_LEVEL = 0;
				GCC_PREPROCESSOR_DEFINITIONS = (
					"DEBUG=1",
					"$(inherited)",
				);
				GCC_WARN_64_TO_32_BIT_CONVERSION = YES;
				GCC_WARN_ABOUT_RETURN_TYPE = YES_ERROR;
				GCC_WARN_UNDECLARED_SELECTOR = YES;
				GCC_WARN_UNINITIALIZED_AUTOS = YES_AGGRESSIVE;
				GCC_WARN_UNUSED_FUNCTION = YES;
				GCC_WARN_UNUSED_VARIABLE = YES;
				MACOSX_DEPLOYMENT_TARGET = 10.10;
				MTL_ENABLE_DEBUG_INFO = YES;
				ONLY_ACTIVE_ARCH = YES;
				SDKROOT = macosx;
			};
			name = Debug;
		};
		33F17C861C8E3E4C006CAFFE /* Release */ = {
			isa = XCBuildConfiguration;
			buildSettings = {
				ALWAYS_SEARCH_USER_PATHS = NO;
				CLANG_CXX_LANGUAGE_STANDARD = "gnu++0x";
				CLANG_CXX_LIBRARY = "libc++";
				CLANG_ENABLE_MODULES = YES;
				CLANG_ENABLE_OBJC_ARC = YES;
				CLANG_WARN_BOOL_CONVERSION = YES;
				CLANG_WARN_CONSTANT_CONVERSION = YES;
				CLANG_WARN_DIRECT_OBJC_ISA_USAGE = YES_ERROR;
				CLANG_WARN_EMPTY_BODY = YES;
				CLANG_WARN_ENUM_CONVERSION = YES;
				CLANG_WARN_INT_CONVERSION = YES;
				CLANG_WARN_OBJC_ROOT_CLASS = YES_ERROR;
				CLANG_WARN_UNREACHABLE_CODE = YES;
				CLANG_WARN__DUPLICATE_METHOD_MATCH = YES;
				CODE_SIGN_IDENTITY = "-";
				COPY_PHASE_STRIP = NO;
				DEBUG_INFORMATION_FORMAT = "dwarf-with-dsym";
				ENABLE_NS_ASSERTIONS = NO;
				ENABLE_STRICT_OBJC_MSGSEND = YES;
				GCC_C_LANGUAGE_STANDARD = gnu99;
				GCC_NO_COMMON_BLOCKS = YES;
				GCC_WARN_64_TO_32_BIT_CONVERSION = YES;
				GCC_WARN_ABOUT_RETURN_TYPE = YES_ERROR;
				GCC_WARN_UNDECLARED_SELECTOR = YES;
				GCC_WARN_UNINITIALIZED_AUTOS = YES_AGGRESSIVE;
				GCC_WARN_UNUSED_FUNCTION = YES;
				GCC_WARN_UNUSED_VARIABLE = YES;
				MACOSX_DEPLOYMENT_TARGET = 10.10;
				MTL_ENABLE_DEBUG_INFO = NO;
				SDKROOT = macosx;
			};
			name = Release;
		};
		33F17C881C8E3E4C006CAFFE /* Debug */ = {
			isa = XCBuildConfiguration;
			buildSettings = {
				PRODUCT_NAME = "$(TARGET_NAME)";
			};
			name = Debug;
		};
		33F17C891C8E3E4C006CAFFE /* Release */ = {
			isa = XCBuildConfiguration;
			buildSettings = {
				PRODUCT_NAME = "$(TARGET_NAME)";
			};
			name = Release;
		};
/* End XCBuildConfiguration section */

/* Begin XCConfigurationList section */
		33F17C7B1C8E3E4B006CAFFE /* Build configuration list for PBXProject "hash_projects" */ = {
			isa = XCConfigurationList;
			buildConfigurations = (
				33F17C851C8E3E4C006CAFFE /* Debug */,
				33F17C861C8E3E4C006CAFFE /* Release */,
			);
			defaultConfigurationIsVisible = 0;
			defaultConfigurationName = Release;
		};
		33F17C871C8E3E4C006CAFFE /* Build configuration list for PBXNativeTarget "hash_projects" */ = {
			isa = XCConfigurationList;
			buildConfigurations = (
				33F17C881C8E3E4C006CAFFE /* Debug */,
				33F17C891C8E3E4C006CAFFE /* Release */,
			);
			defaultConfigurationIsVisible = 0;
		};
/* End XCConfigurationList section */
	};
	rootObject = 33F17C781C8E3E4B006CAFFE /* Project object */;
}
